
Microsoft Visual Studio Solution File, Format Version 12.00
# Visual Studio 15
VisualStudioVersion = 15.0.28307.168
MinimumVisualStudioVersion = 10.0.40219.1
Project("{FAE04EC0-301F-11D3-BF4B-00C04F79EFBC}") = "DataGridView_test", "DataGridView_test\DataGridView_test.csproj", "{8DC36A9C-6940-49F5-8364-56B3B1E2763E}"
EndProject
Global
	GlobalSection(SolutionConfigurationPlatforms) = preSolution
		Debug|Any CPU = Debug|Any CPU
		Release|Any CPU = Release|Any CPU
	EndGlobalSection
	GlobalSection(ProjectConfigurationPlatforms) = postSolution
		{8DC36A9C-6940-49F5-8364-56B3B1E2763E}.Debug|Any CPU.ActiveCfg = Debug|Any CPU
		{8DC36A9C-6940-49F5-8364-56B3B1E2763E}.Debug|Any CPU.Build.0 = Debug|Any CPU
		{8DC36A9C-6940-49F5-8364-56B3B1E2763E}.Release|Any CPU.ActiveCfg = Release|Any CPU
		{8DC36A9C-6940-49F5-8364-56B3B1E2763E}.Release|Any CPU.Build.0 = Release|Any CPU
	EndGlobalSection
	GlobalSection(SolutionProperties) = preSolution
		HideSolutionNode = FALSE
	EndGlobalSection
	GlobalSection(ExtensibilityGlobals) = postSolution
		SolutionGuid = {B461D648-4A83-41EF-ADCD-3EFC534E25F4}
	EndGlobalSection
EndGlobal
